
Microsoft Visual Studio Solution File, Format Version 12.00
# Visual Studio 15
VisualStudioVersion = 15.0.27130.2010
MinimumVisualStudioVersion = 10.0.40219.1
Project("{FAE04EC0-301F-11D3-BF4B-00C04F79EFBC}") = "Train", "Train\Train.csproj", "{2A405E50-5E52-422D-A4D4-A6362A9BF406}"
EndProject
Global
	GlobalSection(SolutionConfigurationPlatforms) = preSolution
		Debug|Any CPU = Debug|Any CPU
		Release|Any CPU = Release|Any CPU
	EndGlobalSection
	GlobalSection(ProjectConfigurationPlatforms) = postSolution
		{2A405E50-5E52-422D-A4D4-A6362A9BF406}.Debug|Any CPU.ActiveCfg = Debug|Any CPU
		{2A405E50-5E52-422D-A4D4-A6362A9BF406}.Debug|Any CPU.Build.0 = Debug|Any CPU
		{2A405E50-5E52-422D-A4D4-A6362A9BF406}.Release|Any CPU.ActiveCfg = Release|Any CPU
		{2A405E50-5E52-422D-A4D4-A6362A9BF406}.Release|Any CPU.Build.0 = Release|Any CPU
	EndGlobalSection
	GlobalSection(SolutionProperties) = preSolution
		HideSolutionNode = FALSE
	EndGlobalSection
	GlobalSection(ExtensibilityGlobals) = postSolution
		SolutionGuid = {98DC7661-9458-4F91-9F24-17EEEC0D8A7A}
	EndGlobalSection
EndGlobal
