
Microsoft Visual Studio Solution File, Format Version 12.00
# Visual Studio 15
VisualStudioVersion = 15.0.27130.2010
MinimumVisualStudioVersion = 10.0.40219.1
Project("{9A19103F-16F7-4668-BE54-9A1E7A4F7556}") = "CustomVisionTrainer", "CustomVisionTrainer\CustomVisionTrainer.csproj", "{309D0AB2-7ECA-479A-B094-C42F0F4B4C2F}"
EndProject
Project("{FAE04EC0-301F-11D3-BF4B-00C04F79EFBC}") = "CustomVisionTrainer.Storage", "CustomVisionTrainer.Storage\CustomVisionTrainer.Storage.csproj", "{470200BC-1139-466C-969F-E76B42B1E1C9}"
EndProject
Global
	GlobalSection(SolutionConfigurationPlatforms) = preSolution
		Debug|Any CPU = Debug|Any CPU
		Release|Any CPU = Release|Any CPU
	EndGlobalSection
	GlobalSection(ProjectConfigurationPlatforms) = postSolution
		{309D0AB2-7ECA-479A-B094-C42F0F4B4C2F}.Debug|Any CPU.ActiveCfg = Debug|Any CPU
		{309D0AB2-7ECA-479A-B094-C42F0F4B4C2F}.Debug|Any CPU.Build.0 = Debug|Any CPU
		{309D0AB2-7ECA-479A-B094-C42F0F4B4C2F}.Release|Any CPU.ActiveCfg = Release|Any CPU
		{309D0AB2-7ECA-479A-B094-C42F0F4B4C2F}.Release|Any CPU.Build.0 = Release|Any CPU
		{470200BC-1139-466C-969F-E76B42B1E1C9}.Debug|Any CPU.ActiveCfg = Debug|Any CPU
		{470200BC-1139-466C-969F-E76B42B1E1C9}.Debug|Any CPU.Build.0 = Debug|Any CPU
		{470200BC-1139-466C-969F-E76B42B1E1C9}.Release|Any CPU.ActiveCfg = Release|Any CPU
		{470200BC-1139-466C-969F-E76B42B1E1C9}.Release|Any CPU.Build.0 = Release|Any CPU
	EndGlobalSection
	GlobalSection(SolutionProperties) = preSolution
		HideSolutionNode = FALSE
	EndGlobalSection
	GlobalSection(ExtensibilityGlobals) = postSolution
		SolutionGuid = {98DC7661-9458-4F91-9F24-17EEEC0D8A7A}
	EndGlobalSection
EndGlobal
